{
  "requires": true,
  "lockfileVersion": 1,
  "dependencies": {
    "@types/scriptable-ios": {
      "version": "1.4.0",
      "resolved": "https://registry.npmjs.org/@types/scriptable-ios/-/scriptable-ios-1.4.0.tgz",
      "integrity": "sha512-EM1ZL6Q5BWHd5tkXge9zx7ZsVpL+4SLCEmYPitJXdqlNKmlR4pAXdHVizKX9fvoIiPBuQ0pH0XDnSWha38YWGw==",
      "dev": true
    }
  }
}
